Microsoft Visual Studio Solution File, Format Version 12.00
# Visual Studio Version 18
VisualStudioVersion = 18.2.11415.280 d18.0
MinimumVisualStudioVersion = 10.0.40219.1
Project("{FAE04EC0-301F-11D3-BF4B-00C04F79EFBC}") = "VibeSwarm.Web", "src\VibeSwarm.Web\VibeSwarm.Web.csproj", "{4687ECB5-F973-042C-1458-A89DB2872084}"
EndProject
Project("{FAE04EC0-301F-11D3-BF4B-00C04F79EFBC}") = "VibeSwarm.Worker", "src\VibeSwarm.Worker\VibeSwarm.Worker.csproj", "{4C99630B-F3D8-912F-0427-23776347C82B}"
EndProject
Project("{FAE04EC0-301F-11D3-BF4B-00C04F79EFBC}") = "VibeSwarm.Shared", "src\VibeSwarm.Shared\VibeSwarm.Shared.csproj", "{1597BEE5-6F7B-1CA9-8F55-D662B6B86577}"
EndProject
Global
	GlobalSection(SolutionConfigurationPlatforms) = preSolution
		Debug|Any CPU = Debug|Any CPU
		Release|Any CPU = Release|Any CPU
	EndGlobalSection
	GlobalSection(ProjectConfigurationPlatforms) = postSolution
		{4687ECB5-F973-042C-1458-A89DB2872084}.Debug|Any CPU.ActiveCfg = Debug|Any CPU
		{4687ECB5-F973-042C-1458-A89DB2872084}.Debug|Any CPU.Build.0 = Debug|Any CPU
		{4687ECB5-F973-042C-1458-A89DB2872084}.Release|Any CPU.ActiveCfg = Release|Any CPU
		{4687ECB5-F973-042C-1458-A89DB2872084}.Release|Any CPU.Build.0 = Release|Any CPU
		{4C99630B-F3D8-912F-0427-23776347C82B}.Debug|Any CPU.ActiveCfg = Debug|Any CPU
		{4C99630B-F3D8-912F-0427-23776347C82B}.Debug|Any CPU.Build.0 = Debug|Any CPU
		{4C99630B-F3D8-912F-0427-23776347C82B}.Release|Any CPU.ActiveCfg = Release|Any CPU
		{4C99630B-F3D8-912F-0427-23776347C82B}.Release|Any CPU.Build.0 = Release|Any CPU
		{1597BEE5-6F7B-1CA9-8F55-D662B6B86577}.Debug|Any CPU.ActiveCfg = Debug|Any CPU
		{1597BEE5-6F7B-1CA9-8F55-D662B6B86577}.Debug|Any CPU.Build.0 = Debug|Any CPU
		{1597BEE5-6F7B-1CA9-8F55-D662B6B86577}.Release|Any CPU.ActiveCfg = Release|Any CPU
		{1597BEE5-6F7B-1CA9-8F55-D662B6B86577}.Release|Any CPU.Build.0 = Release|Any CPU
	EndGlobalSection
	GlobalSection(SolutionProperties) = preSolution
		HideSolutionNode = FALSE
	EndGlobalSection
	GlobalSection(ExtensibilityGlobals) = postSolution
		SolutionGuid = {552814F7-2D45-4993-BD80-5AFA4EE9F881}
	EndGlobalSection
EndGlobal
